
Microsoft Visual Studio Solution File, Format Version 12.00
# Visual Studio 15
Project("{FAE04EC0-301F-11D3-BF4B-00C04F79EFBC}") = "Assembly-CSharp", "Assembly-CSharp.csproj", "{806D58E5-5B68-5450-EEC3-D6F8C97F8C38}"
EndProject
Project("{FAE04EC0-301F-11D3-BF4B-00C04F79EFBC}") = "Assembly-CSharp-Editor", "Assembly-CSharp-Editor.csproj", "{463D396C-E9DC-7258-44B9-61D2D7681F3C}"
EndProject
Global
	GlobalSection(SolutionConfigurationPlatforms) = preSolution
		Debug|Any CPU = Debug|Any CPU
		Release|Any CPU = Release|Any CPU
	EndGlobalSection
	GlobalSection(ProjectConfigurationPlatforms) = postSolution
		{806D58E5-5B68-5450-EEC3-D6F8C97F8C38}.Debug|Any CPU.ActiveCfg = Debug|Any CPU
		{806D58E5-5B68-5450-EEC3-D6F8C97F8C38}.Debug|Any CPU.Build.0 = Debug|Any CPU
		{806D58E5-5B68-5450-EEC3-D6F8C97F8C38}.Release|Any CPU.ActiveCfg = Release|Any CPU
		{806D58E5-5B68-5450-EEC3-D6F8C97F8C38}.Release|Any CPU.Build.0 = Release|Any CPU
		{463D396C-E9DC-7258-44B9-61D2D7681F3C}.Debug|Any CPU.ActiveCfg = Debug|Any CPU
		{463D396C-E9DC-7258-44B9-61D2D7681F3C}.Debug|Any CPU.Build.0 = Debug|Any CPU
		{463D396C-E9DC-7258-44B9-61D2D7681F3C}.Release|Any CPU.ActiveCfg = Release|Any CPU
		{463D396C-E9DC-7258-44B9-61D2D7681F3C}.Release|Any CPU.Build.0 = Release|Any CPU
	EndGlobalSection
	GlobalSection(SolutionProperties) = preSolution
		HideSolutionNode = FALSE
	EndGlobalSection
	GlobalSection(MonoDevelopProperties) = preSolution
		StartupItem = Assembly-CSharp.csproj
	EndGlobalSection
EndGlobal
